
Microsoft Visual Studio Solution File, Format Version 12.00
# Visual Studio 14
VisualStudioVersion = 14.0.25123.0
MinimumVisualStudioVersion = 10.0.40219.1
Project("{FAE04EC0-301F-11D3-BF4B-00C04F79EFBC}") = "AgXUnity", "AgXUnity\AgXUnity.csproj", "{A6079867-2A41-4C5C-8AD4-50F4C72020D0}"
EndProject
Project("{FAE04EC0-301F-11D3-BF4B-00C04F79EFBC}") = "AgXUnityEditor", "AgXUnityEditor\AgXUnityEditor.csproj", "{F902ADF9-4899-4A38-9151-21AA76D45434}"
EndProject
Global
	GlobalSection(SolutionConfigurationPlatforms) = preSolution
		Debug|Any CPU = Debug|Any CPU
		Debug|Mixed Platforms = Debug|Mixed Platforms
		Debug|x64 = Debug|x64
		Release|Any CPU = Release|Any CPU
		Release|Mixed Platforms = Release|Mixed Platforms
		Release|x64 = Release|x64
	EndGlobalSection
	GlobalSection(ProjectConfigurationPlatforms) = postSolution
		{A6079867-2A41-4C5C-8AD4-50F4C72020D0}.Debug|Any CPU.ActiveCfg = Debug|Any CPU
		{A6079867-2A41-4C5C-8AD4-50F4C72020D0}.Debug|Any CPU.Build.0 = Debug|Any CPU
		{A6079867-2A41-4C5C-8AD4-50F4C72020D0}.Debug|Mixed Platforms.ActiveCfg = Debug|Any CPU
		{A6079867-2A41-4C5C-8AD4-50F4C72020D0}.Debug|Mixed Platforms.Build.0 = Debug|Any CPU
		{A6079867-2A41-4C5C-8AD4-50F4C72020D0}.Debug|x64.ActiveCfg = Debug|x64
		{A6079867-2A41-4C5C-8AD4-50F4C72020D0}.Debug|x64.Build.0 = Debug|x64
		{A6079867-2A41-4C5C-8AD4-50F4C72020D0}.Release|Any CPU.ActiveCfg = Release|Any CPU
		{A6079867-2A41-4C5C-8AD4-50F4C72020D0}.Release|Any CPU.Build.0 = Release|Any CPU
		{A6079867-2A41-4C5C-8AD4-50F4C72020D0}.Release|Mixed Platforms.ActiveCfg = Release|Any CPU
		{A6079867-2A41-4C5C-8AD4-50F4C72020D0}.Release|Mixed Platforms.Build.0 = Release|Any CPU
		{A6079867-2A41-4C5C-8AD4-50F4C72020D0}.Release|x64.ActiveCfg = Release|x64
		{A6079867-2A41-4C5C-8AD4-50F4C72020D0}.Release|x64.Build.0 = Release|x64
		{F902ADF9-4899-4A38-9151-21AA76D45434}.Debug|Any CPU.ActiveCfg = Debug|Any CPU
		{F902ADF9-4899-4A38-9151-21AA76D45434}.Debug|Any CPU.Build.0 = Debug|Any CPU
		{F902ADF9-4899-4A38-9151-21AA76D45434}.Debug|Mixed Platforms.ActiveCfg = Debug|Any CPU
		{F902ADF9-4899-4A38-9151-21AA76D45434}.Debug|Mixed Platforms.Build.0 = Debug|Any CPU
		{F902ADF9-4899-4A38-9151-21AA76D45434}.Debug|x64.ActiveCfg = Debug|Any CPU
		{F902ADF9-4899-4A38-9151-21AA76D45434}.Debug|x64.Build.0 = Debug|Any CPU
		{F902ADF9-4899-4A38-9151-21AA76D45434}.Release|Any CPU.ActiveCfg = Release|Any CPU
		{F902ADF9-4899-4A38-9151-21AA76D45434}.Release|Any CPU.Build.0 = Release|Any CPU
		{F902ADF9-4899-4A38-9151-21AA76D45434}.Release|Mixed Platforms.ActiveCfg = Release|Any CPU
		{F902ADF9-4899-4A38-9151-21AA76D45434}.Release|Mixed Platforms.Build.0 = Release|Any CPU
		{F902ADF9-4899-4A38-9151-21AA76D45434}.Release|x64.ActiveCfg = Release|Any CPU
		{F902ADF9-4899-4A38-9151-21AA76D45434}.Release|x64.Build.0 = Release|Any CPU
	EndGlobalSection
	GlobalSection(SolutionProperties) = preSolution
		HideSolutionNode = FALSE
	EndGlobalSection
EndGlobal
